// !$*UTF8*$!
{
	archiveVersion = 1;
	classes = {
	};
	objectVersion = 56;
	objects = {

/* Begin PBXBuildFile section */
		3612ED0E2BB299FD00F9402D /* restapiExampleApp.swift in Sources */ = {isa = PBXBuildFile; fileRef = 3612ED0D2BB299FD00F9402D /* restapiExampleApp.swift */; };
		3612ED102BB299FD00F9402D /* ContentView.swift in Sources */ = {isa = PBXBuildFile; fileRef = 3612ED0F2BB299FD00F9402D /* ContentView.swift */; };
		3612ED122BB299FF00F9402D /* Assets.xcassets in Resources */ = {isa = PBXBuildFile; fileRef = 3612ED112BB299FF00F9402D /* Assets.xcassets */; };
		3612ED152BB299FF00F9402D /* Preview Assets.xcassets in Resources */ = {isa = PBXBuildFile; fileRef = 3612ED142BB299FF00F9402D /* Preview Assets.xcassets */; };
		3612ED1E2BB2CDB300F9402D /* APIInfo.plist in Resources */ = {isa = PBXBuildFile; fileRef = 3612ED1D2BB2CDB300F9402D /* APIInfo.plist */; };
		3612ED202BB2D1B300F9402D /* EmployeeDetailView.swift in Sources */ = {isa = PBXBuildFile; fileRef = 3612ED1F2BB2D1B200F9402D /* EmployeeDetailView.swift */; };
		3612ED222BB2E01E00F9402D /* AppModels.swift in Sources */ = {isa = PBXBuildFile; fileRef = 3612ED212BB2E01E00F9402D /* AppModels.swift */; };
		3612ED242BB2E0A100F9402D /* EmployeeRow.swift in Sources */ = {isa = PBXBuildFile; fileRef = 3612ED232BB2E0A100F9402D /* EmployeeRow.swift */; };
/* End PBXBuildFile section */

/* Begin PBXFileReference section */
		3612ED0A2BB299FD00F9402D /* restapiExample.app */ = {isa = PBXFileReference; explicitFileType = wrapper.application; includeInIndex = 0; path = restapiExample.app; sourceTree = BUILT_PRODUCTS_DIR; };
		3612ED0D2BB299FD00F9402D /* restapiExampleApp.swift */ = {isa = PBXFileReference; lastKnownFileType = sourcecode.swift; path = restapiExampleApp.swift; sourceTree = "<group>"; };
		3612ED0F2BB299FD00F9402D /* ContentView.swift */ = {isa = PBXFileReference; lastKnownFileType = sourcecode.swift; path = ContentView.swift; sourceTree = "<group>"; };
		3612ED112BB299FF00F9402D /* Assets.xcassets */ = {isa = PBXFileReference; lastKnownFileType = folder.assetcatalog; path = Assets.xcassets; sourceTree = "<group>"; };
		3612ED142BB299FF00F9402D /* Preview Assets.xcassets */ = {isa = PBXFileReference; lastKnownFileType = folder.assetcatalog; path = "Preview Assets.xcassets"; sourceTree = "<group>"; };
		3612ED1D2BB2CDB300F9402D /* APIInfo.plist */ = {isa = PBXFileReference; lastKnownFileType = text.plist; path = APIInfo.plist; sourceTree = "<group>"; };
		3612ED1F2BB2D1B200F9402D /* EmployeeDetailView.swift */ = {isa = PBXFileReference; lastKnownFileType = sourcecode.swift; path = EmployeeDetailView.swift; sourceTree = "<group>"; };
		3612ED212BB2E01E00F9402D /* AppModels.swift */ = {isa = PBXFileReference; lastKnownFileType = sourcecode.swift; path = AppModels.swift; sourceTree = "<group>"; };
		3612ED232BB2E0A100F9402D /* EmployeeRow.swift */ = {isa = PBXFileReference; lastKnownFileType = sourcecode.swift; path = EmployeeRow.swift; sourceTree = "<group>"; };
/* End PBXFileReference section */

/* Begin PBXFrameworksBuildPhase section */
		3612ED072BB299FD00F9402D /* Frameworks */ = {
			isa = PBXFrameworksBuildPhase;
			buildActionMask = 2147483647;
			files = (
			);
			runOnlyForDeploymentPostprocessing = 0;
		};
/* End PBXFrameworksBuildPhase section */

/* Begin PBXGroup section */
		3612ED012BB299FD00F9402D = {
			isa = PBXGroup;
			children = (
				3612ED1D2BB2CDB300F9402D /* APIInfo.plist */,
				3612ED0C2BB299FD00F9402D /* restapiExample */,
				3612ED0B2BB299FD00F9402D /* Products */,
			);
			sourceTree = "<group>";
		};
		3612ED0B2BB299FD00F9402D /* Products */ = {
			isa = PBXGroup;
			children = (
				3612ED0A2BB299FD00F9402D /* restapiExample.app */,
			);
			name = Products;
			sourceTree = "<group>";
		};
		3612ED0C2BB299FD00F9402D /* restapiExample */ = {
			isa = PBXGroup;
			children = (
				3612ED0D2BB299FD00F9402D /* restapiExampleApp.swift */,
				3612ED212BB2E01E00F9402D /* AppModels.swift */,
				3612ED0F2BB299FD00F9402D /* ContentView.swift */,
				3612ED232BB2E0A100F9402D /* EmployeeRow.swift */,
				3612ED1F2BB2D1B200F9402D /* EmployeeDetailView.swift */,
				3612ED112BB299FF00F9402D /* Assets.xcassets */,
				3612ED132BB299FF00F9402D /* Preview Content */,
			);
			path = restapiExample;
			sourceTree = "<group>";
		};
		3612ED132BB299FF00F9402D /* Preview Content */ = {
			isa = PBXGroup;
			children = (
				3612ED142BB299FF00F9402D /* Preview Assets.xcassets */,
			);
			path = "Preview Content";
			sourceTree = "<group>";
		};
/* End PBXGroup section */

/* Begin PBXNativeTarget section */
		3612ED092BB299FD00F9402D /* restapiExample */ = {
			isa = PBXNativeTarget;
			buildConfigurationList = 3612ED182BB299FF00F9402D /* Build configuration list for PBXNativeTarget "restapiExample" */;
			buildPhases = (
				3612ED062BB299FD00F9402D /* Sources */,
				3612ED072BB299FD00F9402D /* Frameworks */,
				3612ED082BB299FD00F9402D /* Resources */,
			);
			buildRules = (
			);
			dependencies = (
			);
			name = restapiExample;
			productName = restapiExample;
			productReference = 3612ED0A2BB299FD00F9402D /* restapiExample.app */;
			productType = "com.apple.product-type.application";
		};
/* End PBXNativeTarget section */

/* Begin PBXProject section */
		3612ED022BB299FD00F9402D /* Project object */ = {
			isa = PBXProject;
			attributes = {
				BuildIndependentTargetsInParallel = 1;
				LastSwiftUpdateCheck = 1530;
				LastUpgradeCheck = 1530;
				TargetAttributes = {
					3612ED092BB299FD00F9402D = {
						CreatedOnToolsVersion = 15.3;
					};
				};
			};
			buildConfigurationList = 3612ED052BB299FD00F9402D /* Build configuration list for PBXProject "restapiExample" */;
			compatibilityVersion = "Xcode 14.0";
			developmentRegion = en;
			hasScannedForEncodings = 0;
			knownRegions = (
				en,
				Base,
			);
			mainGroup = 3612ED012BB299FD00F9402D;
			productRefGroup = 3612ED0B2BB299FD00F9402D /* Products */;
			projectDirPath = "";
			projectRoot = "";
			targets = (
				3612ED092BB299FD00F9402D /* restapiExample */,
			);
		};
/* End PBXProject section */

/* Begin PBXResourcesBuildPhase section */
		3612ED082BB299FD00F9402D /* Resources */ = {
			isa = PBXResourcesBuildPhase;
			buildActionMask = 2147483647;
			files = (
				3612ED152BB299FF00F9402D /* Preview Assets.xcassets in Resources */,
				3612ED122BB299FF00F9402D /* Assets.xcassets in Resources */,
				3612ED1E2BB2CDB300F9402D /* APIInfo.plist in Resources */,
			);
			runOnlyForDeploymentPostprocessing = 0;
		};
/* End PBXResourcesBuildPhase section */

/* Begin PBXSourcesBuildPhase section */
		3612ED062BB299FD00F9402D /* Sources */ = {
			isa = PBXSourcesBuildPhase;
			buildActionMask = 2147483647;
			files = (
				3612ED202BB2D1B300F9402D /* EmployeeDetailView.swift in Sources */,
				3612ED102BB299FD00F9402D /* ContentView.swift in Sources */,
				3612ED0E2BB299FD00F9402D /* restapiExampleApp.swift in Sources */,
				3612ED242BB2E0A100F9402D /* EmployeeRow.swift in Sources */,
				3612ED222BB2E01E00F9402D /* AppModels.swift in Sources */,
			);
			runOnlyForDeploymentPostprocessing = 0;
		};
/* End PBXSourcesBuildPhase section */

/* Begin XCBuildConfiguration section */
		3612ED162BB299FF00F9402D /* Debug */ = {
			isa = XCBuildConfiguration;
			buildSettings = {
				ALWAYS_SEARCH_USER_PATHS = NO;
				ASSETCATALOG_COMPILER_GENERATE_SWIFT_ASSET_SYMBOL_EXTENSIONS = YES;
				CLANG_ANALYZER_NONNULL = YES;
				CLANG_ANALYZER_NUMBER_OBJECT_CONVERSION = YES_AGGRESSIVE;
				CLANG_CXX_LANGUAGE_STANDARD = "gnu++20";
				CLANG_ENABLE_MODULES = YES;
				CLANG_ENABLE_OBJC_ARC = YES;
				CLANG_ENABLE_OBJC_WEAK = YES;
				CLANG_WARN_BLOCK_CAPTURE_AUTORELEASING = YES;
				CLANG_WARN_BOOL_CONVERSION = YES;
				CLANG_WARN_COMMA = YES;
				CLANG_WARN_CONSTANT_CONVERSION = YES;
				CLANG_WARN_DEPRECATED_OBJC_IMPLEMENTATIONS = YES;
				CLANG_WARN_DIRECT_OBJC_ISA_USAGE = YES_ERROR;
				CLANG_WARN_DOCUMENTATION_COMMENTS = YES;
				CLANG_WARN_EMPTY_BODY = YES;
				CLANG_WARN_ENUM_CONVERSION = YES;
				CLANG_WARN_INFINITE_RECURSION = YES;
				CLANG_WARN_INT_CONVERSION = YES;
				CLANG_WARN_NON_LITERAL_NULL_CONVERSION = YES;
				CLANG_WARN_OBJC_IMPLICIT_RETAIN_SELF = YES;
				CLANG_WARN_OBJC_LITERAL_CONVERSION = YES;
				CLANG_WARN_OBJC_ROOT_CLASS = YES_ERROR;
				CLANG_WARN_QUOTED_INCLUDE_IN_FRAMEWORK_HEADER = YES;
				CLANG_WARN_RANGE_LOOP_ANALYSIS = YES;
				CLANG_WARN_STRICT_PROTOTYPES = YES;
				CLANG_WARN_SUSPICIOUS_MOVE = YES;
				CLANG_WARN_UNGUARDED_AVAILABILITY = YES_AGGRESSIVE;
				CLANG_WARN_UNREACHABLE_CODE = YES;
				CLANG_WARN__DUPLICATE_METHOD_MATCH = YES;
				COPY_PHASE_STRIP = NO;
				DEBUG_INFORMATION_FORMAT = dwarf;
				ENABLE_STRICT_OBJC_MSGSEND = YES;
				ENABLE_TESTABILITY = YES;
				ENABLE_USER_SCRIPT_SANDBOXING = YES;
				GCC_C_LANGUAGE_STANDARD = gnu17;
				GCC_DYNAMIC_NO_PIC = NO;
				GCC_NO_COMMON_BLOCKS = YES;
				GCC_OPTIMIZATION_LEVEL = 0;
				GCC_PREPROCESSOR_DEFINITIONS = (
					"DEBUG=1",
					"$(inherited)",
				);
				GCC_WARN_64_TO_32_BIT_CONVERSION = YES;
				GCC_WARN_ABOUT_RETURN_TYPE = YES_ERROR;
				GCC_WARN_UNDECLARED_SELECTOR = YES;
				GCC_WARN_UNINITIALIZED_AUTOS = YES_AGGRESSIVE;
				GCC_WARN_UNUSED_FUNCTION = YES;
				GCC_WARN_UNUSED_VARIABLE = YES;
				IPHONEOS_DEPLOYMENT_TARGET = 17.4;
				LOCALIZATION_PREFERS_STRING_CATALOGS = YES;
				MTL_ENABLE_DEBUG_INFO = INCLUDE_SOURCE;
				MTL_FAST_MATH = YES;
				ONLY_ACTIVE_ARCH = YES;
				SDKROOT = iphoneos;
				SWIFT_ACTIVE_COMPILATION_CONDITIONS = "DEBUG $(inherited)";
				SWIFT_OPTIMIZATION_LEVEL = "-Onone";
			};
			name = Debug;
		};
		3612ED172BB299FF00F9402D /* Release */ = {
			isa = XCBuildConfiguration;
			buildSettings = {
				ALWAYS_SEARCH_USER_PATHS = NO;
				ASSETCATALOG_COMPILER_GENERATE_SWIFT_ASSET_SYMBOL_EXTENSIONS = YES;
				CLANG_ANALYZER_NONNULL = YES;
				CLANG_ANALYZER_NUMBER_OBJECT_CONVERSION = YES_AGGRESSIVE;
				CLANG_CXX_LANGUAGE_STANDARD = "gnu++20";
				CLANG_ENABLE_MODULES = YES;
				CLANG_ENABLE_OBJC_ARC = YES;
				CLANG_ENABLE_OBJC_WEAK = YES;
				CLANG_WARN_BLOCK_CAPTURE_AUTORELEASING = YES;
				CLANG_WARN_BOOL_CONVERSION = YES;
				CLANG_WARN_COMMA = YES;
				CLANG_WARN_CONSTANT_CONVERSION = YES;
				CLANG_WARN_DEPRECATED_OBJC_IMPLEMENTATIONS = YES;
				CLANG_WARN_DIRECT_OBJC_ISA_USAGE = YES_ERROR;
				CLANG_WARN_DOCUMENTATION_COMMENTS = YES;
				CLANG_WARN_EMPTY_BODY = YES;
				CLANG_WARN_ENUM_CONVERSION = YES;
				CLANG_WARN_INFINITE_RECURSION = YES;
				CLANG_WARN_INT_CONVERSION = YES;
				CLANG_WARN_NON_LITERAL_NULL_CONVERSION = YES;
				CLANG_WARN_OBJC_IMPLICIT_RETAIN_SELF = YES;
				CLANG_WARN_OBJC_LITERAL_CONVERSION = YES;
				CLANG_WARN_OBJC_ROOT_CLASS = YES_ERROR;
				CLANG_WARN_QUOTED_INCLUDE_IN_FRAMEWORK_HEADER = YES;
				CLANG_WARN_RANGE_LOOP_ANALYSIS = YES;
				CLANG_WARN_STRICT_PROTOTYPES = YES;
				CLANG_WARN_SUSPICIOUS_MOVE = YES;
				CLANG_WARN_UNGUARDED_AVAILABILITY = YES_AGGRESSIVE;
				CLANG_WARN_UNREACHABLE_CODE = YES;
				CLANG_WARN__DUPLICATE_METHOD_MATCH = YES;
				COPY_PHASE_STRIP = NO;
				DEBUG_INFORMATION_FORMAT = "dwarf-with-dsym";
				ENABLE_NS_ASSERTIONS = NO;
				ENABLE_STRICT_OBJC_MSGSEND = YES;
				ENABLE_USER_SCRIPT_SANDBOXING = YES;
				GCC_C_LANGUAGE_STANDARD = gnu17;
				GCC_NO_COMMON_BLOCKS = YES;
				GCC_WARN_64_TO_32_BIT_CONVERSION = YES;
				GCC_WARN_ABOUT_RETURN_TYPE = YES_ERROR;
				GCC_WARN_UNDECLARED_SELECTOR = YES;
				GCC_WARN_UNINITIALIZED_AUTOS = YES_AGGRESSIVE;
				GCC_WARN_UNUSED_FUNCTION = YES;
				GCC_WARN_UNUSED_VARIABLE = YES;
				IPHONEOS_DEPLOYMENT_TARGET = 17.4;
				LOCALIZATION_PREFERS_STRING_CATALOGS = YES;
				MTL_ENABLE_DEBUG_INFO = NO;
				MTL_FAST_MATH = YES;
				SDKROOT = iphoneos;
				SWIFT_COMPILATION_MODE = wholemodule;
				VALIDATE_PRODUCT = YES;
			};
			name = Release;
		};
		3612ED192BB299FF00F9402D /* Debug */ = {
			isa = XCBuildConfiguration;
			buildSettings = {
				ASSETCATALOG_COMPILER_APPICON_NAME = AppIcon;
				ASSETCATALOG_COMPILER_GLOBAL_ACCENT_COLOR_NAME = AccentColor;
				CODE_SIGN_STYLE = Automatic;
				CURRENT_PROJECT_VERSION = 1;
				DEVELOPMENT_ASSET_PATHS = "\"restapiExample/Preview Content\"";
				ENABLE_PREVIEWS = YES;
				GENERATE_INFOPLIST_FILE = YES;
				INFOPLIST_KEY_UIApplicationSceneManifest_Generation = YES;
				INFOPLIST_KEY_UIApplicationSupportsIndirectInputEvents = YES;
				INFOPLIST_KEY_UILaunchScreen_Generation = YES;
				INFOPLIST_KEY_UISupportedInterfaceOrientations_iPad = "UIInterfaceOrientationPortrait UIInterfaceOrientationPortraitUpsideDown UIInterfaceOrientationLandscapeLeft UIInterfaceOrientationLandscapeRight";
				INFOPLIST_KEY_UISupportedInterfaceOrientations_iPhone = "UIInterfaceOrientationPortrait UIInterfaceOrientationLandscapeLeft UIInterfaceOrientationLandscapeRight";
				LD_RUNPATH_SEARCH_PATHS = (
					"$(inherited)",
					"@executable_path/Frameworks",
				);
				MARKETING_VERSION = 1.0;
				PRODUCT_BUNDLE_IDENTIFIER = restapi.restapiExample;
				PRODUCT_NAME = "$(TARGET_NAME)";
				SWIFT_EMIT_LOC_STRINGS = YES;
				SWIFT_VERSION = 5.0;
				TARGETED_DEVICE_FAMILY = "1,2";
			};
			name = Debug;
		};
		3612ED1A2BB299FF00F9402D /* Release */ = {
			isa = XCBuildConfiguration;
			buildSettings = {
				ASSETCATALOG_COMPILER_APPICON_NAME = AppIcon;
				ASSETCATALOG_COMPILER_GLOBAL_ACCENT_COLOR_NAME = AccentColor;
				CODE_SIGN_STYLE = Automatic;
				CURRENT_PROJECT_VERSION = 1;
				DEVELOPMENT_ASSET_PATHS = "\"restapiExample/Preview Content\"";
				ENABLE_PREVIEWS = YES;
				GENERATE_INFOPLIST_FILE = YES;
				INFOPLIST_KEY_UIApplicationSceneManifest_Generation = YES;
				INFOPLIST_KEY_UIApplicationSupportsIndirectInputEvents = YES;
				INFOPLIST_KEY_UILaunchScreen_Generation = YES;
				INFOPLIST_KEY_UISupportedInterfaceOrientations_iPad = "UIInterfaceOrientationPortrait UIInterfaceOrientationPortraitUpsideDown UIInterfaceOrientationLandscapeLeft UIInterfaceOrientationLandscapeRight";
				INFOPLIST_KEY_UISupportedInterfaceOrientations_iPhone = "UIInterfaceOrientationPortrait UIInterfaceOrientationLandscapeLeft UIInterfaceOrientationLandscapeRight";
				LD_RUNPATH_SEARCH_PATHS = (
					"$(inherited)",
					"@executable_path/Frameworks",
				);
				MARKETING_VERSION = 1.0;
				PRODUCT_BUNDLE_IDENTIFIER = restapi.restapiExample;
				PRODUCT_NAME = "$(TARGET_NAME)";
				SWIFT_EMIT_LOC_STRINGS = YES;
				SWIFT_VERSION = 5.0;
				TARGETED_DEVICE_FAMILY = "1,2";
			};
			name = Release;
		};
/* End XCBuildConfiguration section */

/* Begin XCConfigurationList section */
		3612ED052BB299FD00F9402D /* Build configuration list for PBXProject "restapiExample" */ = {
			isa = XCConfigurationList;
			buildConfigurations = (
				3612ED162BB299FF00F9402D /* Debug */,
				3612ED172BB299FF00F9402D /* Release */,
			);
			defaultConfigurationIsVisible = 0;
			defaultConfigurationName = Release;
		};
		3612ED182BB299FF00F9402D /* Build configuration list for PBXNativeTarget "restapiExample" */ = {
			isa = XCConfigurationList;
			buildConfigurations = (
				3612ED192BB299FF00F9402D /* Debug */,
				3612ED1A2BB299FF00F9402D /* Release */,
			);
			defaultConfigurationIsVisible = 0;
			defaultConfigurationName = Release;
		};
/* End XCConfigurationList section */
	};
	rootObject = 3612ED022BB299FD00F9402D /* Project object */;
}
